// !$*UTF8*$!
{
	archiveVersion = 1;
	classes = {
	};
	objectVersion = 46;
	objects = {

/* Begin PBXBuildFile section */
		202F92A31BB9D95D0063FEB0 /* HistoryViewController.m in Sources */ = {isa = PBXBuildFile; fileRef = 202F92A21BB9D95D0063FEB0 /* HistoryViewController.m */; settings = {ASSET_TAGS = (); }; };
		2052D0F11BBC6BA5000C684B /* SettingsViewController.m in Sources */ = {isa = PBXBuildFile; fileRef = 2052D0F01BBC6BA5000C684B /* SettingsViewController.m */; settings = {ASSET_TAGS = (); }; };
		206D50821BB9B994007B2DB1 /* PlayingCardGame.m in Sources */ = {isa = PBXBuildFile; fileRef = 206D50811BB9B994007B2DB1 /* PlayingCardGame.m */; settings = {ASSET_TAGS = (); }; };
		207E60181BC45A4B0036FC28 /* PlayingCardView.m in Sources */ = {isa = PBXBuildFile; fileRef = 207E60171BC45A4B0036FC28 /* PlayingCardView.m */; settings = {ASSET_TAGS = (); }; };
		20B424461BAC65C90053B847 /* main.m in Sources */ = {isa = PBXBuildFile; fileRef = 20B424451BAC65C90053B847 /* main.m */; };
		20B424491BAC65C90053B847 /* AppDelegate.m in Sources */ = {isa = PBXBuildFile; fileRef = 20B424481BAC65C90053B847 /* AppDelegate.m */; };
		20B4244C1BAC65C90053B847 /* ViewController.m in Sources */ = {isa = PBXBuildFile; fileRef = 20B4244B1BAC65C90053B847 /* ViewController.m */; };
		20B4244F1BAC65C90053B847 /* Main.storyboard in Resources */ = {isa = PBXBuildFile; fileRef = 20B4244D1BAC65C90053B847 /* Main.storyboard */; };
		20B424511BAC65C90053B847 /* Images.xcassets in Resources */ = {isa = PBXBuildFile; fileRef = 20B424501BAC65C90053B847 /* Images.xcassets */; };
		20B424541BAC65C90053B847 /* LaunchScreen.xib in Resources */ = {isa = PBXBuildFile; fileRef = 20B424521BAC65C90053B847 /* LaunchScreen.xib */; };
		20B424601BAC65C90053B847 /* MatchismoTests.m in Sources */ = {isa = PBXBuildFile; fileRef = 20B4245F1BAC65C90053B847 /* MatchismoTests.m */; };
		20B4246B1BAC7AD90053B847 /* Card.m in Sources */ = {isa = PBXBuildFile; fileRef = 20B4246A1BAC7AD90053B847 /* Card.m */; };
		20B4246F1BAC7D4F0053B847 /* Deck.m in Sources */ = {isa = PBXBuildFile; fileRef = 20B4246E1BAC7D4F0053B847 /* Deck.m */; };
		20B424721BAC7EF10053B847 /* PlayingCard.m in Sources */ = {isa = PBXBuildFile; fileRef = 20B424711BAC7EF10053B847 /* PlayingCard.m */; };
		20B424751BAC81390053B847 /* PlayingCardDeck.m in Sources */ = {isa = PBXBuildFile; fileRef = 20B424741BAC81390053B847 /* PlayingCardDeck.m */; };
		20B424781BAC90BE0053B847 /* CardMatchingGame.m in Sources */ = {isa = PBXBuildFile; fileRef = 20B424771BAC90BE0053B847 /* CardMatchingGame.m */; };
		20BDFABC1BB5D3E200F29BB3 /* SetGameViewController.m in Sources */ = {isa = PBXBuildFile; fileRef = 20BDFABB1BB5D3E200F29BB3 /* SetGameViewController.m */; settings = {ASSET_TAGS = (); }; };
		20BDFABF1BB5DAA200F29BB3 /* SetCard.m in Sources */ = {isa = PBXBuildFile; fileRef = 20BDFABE1BB5DAA200F29BB3 /* SetCard.m */; settings = {ASSET_TAGS = (); }; };
		20BDFAC21BB5DC2D00F29BB3 /* SetCardDeck.m in Sources */ = {isa = PBXBuildFile; fileRef = 20BDFAC11BB5DC2D00F29BB3 /* SetCardDeck.m */; settings = {ASSET_TAGS = (); }; };
		20BDFAC51BB5DDA200F29BB3 /* SetCardGame.m in Sources */ = {isa = PBXBuildFile; fileRef = 20BDFAC41BB5DDA200F29BB3 /* SetCardGame.m */; settings = {ASSET_TAGS = (); }; };
		20D589521BB5C7EA004F544F /* PlayingCardGameViewController.m in Sources */ = {isa = PBXBuildFile; fileRef = 20D589511BB5C7EA004F544F /* PlayingCardGameViewController.m */; settings = {ASSET_TAGS = (); }; };
/* End PBXBuildFile section */

/* Begin PBXContainerItemProxy section */
		20B4245A1BAC65C90053B847 /* PBXContainerItemProxy */ = {
			isa = PBXContainerItemProxy;
			containerPortal = 20B424381BAC65C90053B847 /* Project object */;
			proxyType = 1;
			remoteGlobalIDString = 20B4243F1BAC65C90053B847;
			remoteInfo = Matchismo;
		};
/* End PBXContainerItemProxy section */

/* Begin PBXFileReference section */
		202F92A11BB9D95D0063FEB0 /* HistoryViewController.h */ = {isa = PBXFileReference; fileEncoding = 4; lastKnownFileType = sourcecode.c.h; path = HistoryViewController.h; sourceTree = "<group>"; };
		202F92A21BB9D95D0063FEB0 /* HistoryViewController.m */ = {isa = PBXFileReference; fileEncoding = 4; lastKnownFileType = sourcecode.c.objc; path = HistoryViewController.m; sourceTree = "<group>"; };
		2052D0EF1BBC6BA5000C684B /* SettingsViewController.h */ = {isa = PBXFileReference; fileEncoding = 4; lastKnownFileType = sourcecode.c.h; path = SettingsViewController.h; sourceTree = "<group>"; };
		2052D0F01BBC6BA5000C684B /* SettingsViewController.m */ = {isa = PBXFileReference; fileEncoding = 4; lastKnownFileType = sourcecode.c.objc; path = SettingsViewController.m; sourceTree = "<group>"; };
		206D50801BB9B994007B2DB1 /* PlayingCardGame.h */ = {isa = PBXFileReference; fileEncoding = 4; lastKnownFileType = sourcecode.c.h; name = PlayingCardGame.h; path = Model/PlayingCardGame.h; sourceTree = "<group>"; };
		206D50811BB9B994007B2DB1 /* PlayingCardGame.m */ = {isa = PBXFileReference; fileEncoding = 4; lastKnownFileType = sourcecode.c.objc; name = PlayingCardGame.m; path = Model/PlayingCardGame.m; sourceTree = "<group>"; };
		207E60161BC45A4B0036FC28 /* PlayingCardView.h */ = {isa = PBXFileReference; fileEncoding = 4; lastKnownFileType = sourcecode.c.h; path = PlayingCardView.h; sourceTree = "<group>"; };
		207E60171BC45A4B0036FC28 /* PlayingCardView.m */ = {isa = PBXFileReference; fileEncoding = 4; lastKnownFileType = sourcecode.c.objc; path = PlayingCardView.m; sourceTree = "<group>"; };
		20B424401BAC65C90053B847 /* Matchismo.app */ = {isa = PBXFileReference; explicitFileType = wrapper.application; includeInIndex = 0; path = Matchismo.app; sourceTree = BUILT_PRODUCTS_DIR; };
		20B424441BAC65C90053B847 /* Info.plist */ = {isa = PBXFileReference; lastKnownFileType = text.plist.xml; path = Info.plist; sourceTree = "<group>"; };
		20B424451BAC65C90053B847 /* main.m */ = {isa = PBXFileReference; lastKnownFileType = sourcecode.c.objc; path = main.m; sourceTree = "<group>"; };
		20B424471BAC65C90053B847 /* AppDelegate.h */ = {isa = PBXFileReference; lastKnownFileType = sourcecode.c.h; path = AppDelegate.h; sourceTree = "<group>"; };
		20B424481BAC65C90053B847 /* AppDelegate.m */ = {isa = PBXFileReference; lastKnownFileType = sourcecode.c.objc; path = AppDelegate.m; sourceTree = "<group>"; };
		20B4244A1BAC65C90053B847 /* ViewController.h */ = {isa = PBXFileReference; lastKnownFileType = sourcecode.c.h; path = ViewController.h; sourceTree = "<group>"; };
		20B4244B1BAC65C90053B847 /* ViewController.m */ = {isa = PBXFileReference; lastKnownFileType = sourcecode.c.objc; path = ViewController.m; sourceTree = "<group>"; };
		20B4244E1BAC65C90053B847 /* Base */ = {isa = PBXFileReference; lastKnownFileType = file.storyboard; name = Base; path = Base.lproj/Main.storyboard; sourceTree = "<group>"; };
		20B424501BAC65C90053B847 /* Images.xcassets */ = {isa = PBXFileReference; lastKnownFileType = folder.assetcatalog; path = Images.xcassets; sourceTree = "<group>"; };
		20B424531BAC65C90053B847 /* Base */ = {isa = PBXFileReference; lastKnownFileType = file.xib; name = Base; path = Base.lproj/LaunchScreen.xib; sourceTree = "<group>"; };
		20B424591BAC65C90053B847 /* MatchismoTests.xctest */ = {isa = PBXFileReference; explicitFileType = wrapper.cfbundle; includeInIndex = 0; path = MatchismoTests.xctest; sourceTree = BUILT_PRODUCTS_DIR; };
		20B4245E1BAC65C90053B847 /* Info.plist */ = {isa = PBXFileReference; lastKnownFileType = text.plist.xml; path = Info.plist; sourceTree = "<group>"; };
		20B4245F1BAC65C90053B847 /* MatchismoTests.m */ = {isa = PBXFileReference; lastKnownFileType = sourcecode.c.objc; path = MatchismoTests.m; sourceTree = "<group>"; };
		20B424691BAC7AD90053B847 /* Card.h */ = {isa = PBXFileReference; fileEncoding = 4; lastKnownFileType = sourcecode.c.h; name = Card.h; path = Model/Card.h; sourceTree = "<group>"; };
		20B4246A1BAC7AD90053B847 /* Card.m */ = {isa = PBXFileReference; fileEncoding = 4; lastKnownFileType = sourcecode.c.objc; name = Card.m; path = Model/Card.m; sourceTree = "<group>"; };
		20B4246D1BAC7D4F0053B847 /* Deck.h */ = {isa = PBXFileReference; fileEncoding = 4; lastKnownFileType = sourcecode.c.h; name = Deck.h; path = Model/Deck.h; sourceTree = "<group>"; };
		20B4246E1BAC7D4F0053B847 /* Deck.m */ = {isa = PBXFileReference; fileEncoding = 4; lastKnownFileType = sourcecode.c.objc; name = Deck.m; path = Model/Deck.m; sourceTree = "<group>"; };
		20B424701BAC7EF10053B847 /* PlayingCard.h */ = {isa = PBXFileReference; fileEncoding = 4; lastKnownFileType = sourcecode.c.h; name = PlayingCard.h; path = Model/PlayingCard.h; sourceTree = "<group>"; };
		20B424711BAC7EF10053B847 /* PlayingCard.m */ = {isa = PBXFileReference; fileEncoding = 4; lastKnownFileType = sourcecode.c.objc; name = PlayingCard.m; path = Model/PlayingCard.m; sourceTree = "<group>"; };
		20B424731BAC81390053B847 /* PlayingCardDeck.h */ = {isa = PBXFileReference; fileEncoding = 4; lastKnownFileType = sourcecode.c.h; name = PlayingCardDeck.h; path = Model/PlayingCardDeck.h; sourceTree = "<group>"; };
		20B424741BAC81390053B847 /* PlayingCardDeck.m */ = {isa = PBXFileReference; fileEncoding = 4; lastKnownFileType = sourcecode.c.objc; name = PlayingCardDeck.m; path = Model/PlayingCardDeck.m; sourceTree = "<group>"; };
		20B424761BAC90BE0053B847 /* CardMatchingGame.h */ = {isa = PBXFileReference; fileEncoding = 4; lastKnownFileType = sourcecode.c.h; name = CardMatchingGame.h; path = Model/CardMatchingGame.h; sourceTree = "<group>"; };
		20B424771BAC90BE0053B847 /* CardMatchingGame.m */ = {isa = PBXFileReference; fileEncoding = 4; lastKnownFileType = sourcecode.c.objc; name = CardMatchingGame.m; path = Model/CardMatchingGame.m; sourceTree = "<group>"; };
		20BDFABA1BB5D3E200F29BB3 /* SetGameViewController.h */ = {isa = PBXFileReference; fileEncoding = 4; lastKnownFileType = sourcecode.c.h; path = SetGameViewController.h; sourceTree = "<group>"; };
		20BDFABB1BB5D3E200F29BB3 /* SetGameViewController.m */ = {isa = PBXFileReference; fileEncoding = 4; lastKnownFileType = sourcecode.c.objc; path = SetGameViewController.m; sourceTree = "<group>"; };
		20BDFABD1BB5DAA200F29BB3 /* SetCard.h */ = {isa = PBXFileReference; fileEncoding = 4; lastKnownFileType = sourcecode.c.h; name = SetCard.h; path = Model/SetCard.h; sourceTree = "<group>"; };
		20BDFABE1BB5DAA200F29BB3 /* SetCard.m */ = {isa = PBXFileReference; fileEncoding = 4; lastKnownFileType = sourcecode.c.objc; name = SetCard.m; path = Model/SetCard.m; sourceTree = "<group>"; };
		20BDFAC01BB5DC2D00F29BB3 /* SetCardDeck.h */ = {isa = PBXFileReference; fileEncoding = 4; lastKnownFileType = sourcecode.c.h; name = SetCardDeck.h; path = Model/SetCardDeck.h; sourceTree = "<group>"; };
		20BDFAC11BB5DC2D00F29BB3 /* SetCardDeck.m */ = {isa = PBXFileReference; fileEncoding = 4; lastKnownFileType = sourcecode.c.objc; name = SetCardDeck.m; path = Model/SetCardDeck.m; sourceTree = "<group>"; };
		20BDFAC31BB5DDA200F29BB3 /* SetCardGame.h */ = {isa = PBXFileReference; fileEncoding = 4; lastKnownFileType = sourcecode.c.h; name = SetCardGame.h; path = Model/SetCardGame.h; sourceTree = "<group>"; };
		20BDFAC41BB5DDA200F29BB3 /* SetCardGame.m */ = {isa = PBXFileReference; fileEncoding = 4; lastKnownFileType = sourcecode.c.objc; name = SetCardGame.m; path = Model/SetCardGame.m; sourceTree = "<group>"; };
		20D589501BB5C7EA004F544F /* PlayingCardGameViewController.h */ = {isa = PBXFileReference; fileEncoding = 4; lastKnownFileType = sourcecode.c.h; path = PlayingCardGameViewController.h; sourceTree = "<group>"; };
		20D589511BB5C7EA004F544F /* PlayingCardGameViewController.m */ = {isa = PBXFileReference; fileEncoding = 4; lastKnownFileType = sourcecode.c.objc; path = PlayingCardGameViewController.m; sourceTree = "<group>"; };
/* End PBXFileReference section */

/* Begin PBXFrameworksBuildPhase section */
		20B4243D1BAC65C90053B847 /* Frameworks */ = {
			isa = PBXFrameworksBuildPhase;
			buildActionMask = 2147483647;
			files = (
			);
			runOnlyForDeploymentPostprocessing = 0;
		};
		20B424561BAC65C90053B847 /* Frameworks */ = {
			isa = PBXFrameworksBuildPhase;
			buildActionMask = 2147483647;
			files = (
			);
			runOnlyForDeploymentPostprocessing = 0;
		};
/* End PBXFrameworksBuildPhase section */

/* Begin PBXGroup section */
		2006FD3F1BBC827F00DD08CF /* ViewControllers */ = {
			isa = PBXGroup;
			children = (
				20B4244D1BAC65C90053B847 /* Main.storyboard */,
				20B4244A1BAC65C90053B847 /* ViewController.h */,
				20B4244B1BAC65C90053B847 /* ViewController.m */,
				20D589501BB5C7EA004F544F /* PlayingCardGameViewController.h */,
				20D589511BB5C7EA004F544F /* PlayingCardGameViewController.m */,
				20BDFABA1BB5D3E200F29BB3 /* SetGameViewController.h */,
				20BDFABB1BB5D3E200F29BB3 /* SetGameViewController.m */,
				202F92A11BB9D95D0063FEB0 /* HistoryViewController.h */,
				202F92A21BB9D95D0063FEB0 /* HistoryViewController.m */,
				2052D0EF1BBC6BA5000C684B /* SettingsViewController.h */,
				2052D0F01BBC6BA5000C684B /* SettingsViewController.m */,
			);
			name = ViewControllers;
			sourceTree = "<group>";
		};
		2052D0F21BBC7AE7000C684B /* Set */ = {
			isa = PBXGroup;
			children = (
				20BDFABD1BB5DAA200F29BB3 /* SetCard.h */,
				20BDFABE1BB5DAA200F29BB3 /* SetCard.m */,
				20BDFAC01BB5DC2D00F29BB3 /* SetCardDeck.h */,
				20BDFAC11BB5DC2D00F29BB3 /* SetCardDeck.m */,
				20BDFAC31BB5DDA200F29BB3 /* SetCardGame.h */,
				20BDFAC41BB5DDA200F29BB3 /* SetCardGame.m */,
			);
			name = Set;
			sourceTree = "<group>";
		};
		2052D0F31BBC7AFE000C684B /* Playing Card Game */ = {
			isa = PBXGroup;
			children = (
				20B424701BAC7EF10053B847 /* PlayingCard.h */,
				20B424711BAC7EF10053B847 /* PlayingCard.m */,
				20B424731BAC81390053B847 /* PlayingCardDeck.h */,
				20B424741BAC81390053B847 /* PlayingCardDeck.m */,
				206D50801BB9B994007B2DB1 /* PlayingCardGame.h */,
				206D50811BB9B994007B2DB1 /* PlayingCardGame.m */,
			);
			name = "Playing Card Game";
			sourceTree = "<group>";
		};
		2052D0F41BBC7B36000C684B /* Parent Classes */ = {
			isa = PBXGroup;
			children = (
				20B424691BAC7AD90053B847 /* Card.h */,
				20B4246A1BAC7AD90053B847 /* Card.m */,
				20B4246D1BAC7D4F0053B847 /* Deck.h */,
				20B4246E1BAC7D4F0053B847 /* Deck.m */,
				20B424761BAC90BE0053B847 /* CardMatchingGame.h */,
				20B424771BAC90BE0053B847 /* CardMatchingGame.m */,
			);
			name = "Parent Classes";
			sourceTree = "<group>";
		};
		207E60191BC45A500036FC28 /* Views */ = {
			isa = PBXGroup;
			children = (
				207E60161BC45A4B0036FC28 /* PlayingCardView.h */,
				207E60171BC45A4B0036FC28 /* PlayingCardView.m */,
			);
			name = Views;
			sourceTree = "<group>";
		};
		20B424371BAC65C90053B847 = {
			isa = PBXGroup;
			children = (
				20B424421BAC65C90053B847 /* Matchismo */,
				20B4245C1BAC65C90053B847 /* MatchismoTests */,
				20B424411BAC65C90053B847 /* Products */,
			);
			sourceTree = "<group>";
		};
		20B424411BAC65C90053B847 /* Products */ = {
			isa = PBXGroup;
			children = (
				20B424401BAC65C90053B847 /* Matchismo.app */,
				20B424591BAC65C90053B847 /* MatchismoTests.xctest */,
			);
			name = Products;
			sourceTree = "<group>";
		};
		20B424421BAC65C90053B847 /* Matchismo */ = {
			isa = PBXGroup;
			children = (
				2006FD3F1BBC827F00DD08CF /* ViewControllers */,
				207E60191BC45A500036FC28 /* Views */,
				20B4246C1BAC7B030053B847 /* Model */,
				20B424501BAC65C90053B847 /* Images.xcassets */,
				20B424521BAC65C90053B847 /* LaunchScreen.xib */,
				20B424431BAC65C90053B847 /* Supporting Files */,
			);
			path = Matchismo;
			sourceTree = "<group>";
		};
		20B424431BAC65C90053B847 /* Supporting Files */ = {
			isa = PBXGroup;
			children = (
				20B424471BAC65C90053B847 /* AppDelegate.h */,
				20B424481BAC65C90053B847 /* AppDelegate.m */,
				20B424441BAC65C90053B847 /* Info.plist */,
				20B424451BAC65C90053B847 /* main.m */,
			);
			name = "Supporting Files";
			sourceTree = "<group>";
		};
		20B4245C1BAC65C90053B847 /* MatchismoTests */ = {
			isa = PBXGroup;
			children = (
				20B4245F1BAC65C90053B847 /* MatchismoTests.m */,
				20B4245D1BAC65C90053B847 /* Supporting Files */,
			);
			path = MatchismoTests;
			sourceTree = "<group>";
		};
		20B4245D1BAC65C90053B847 /* Supporting Files */ = {
			isa = PBXGroup;
			children = (
				20B4245E1BAC65C90053B847 /* Info.plist */,
			);
			name = "Supporting Files";
			sourceTree = "<group>";
		};
		20B4246C1BAC7B030053B847 /* Model */ = {
			isa = PBXGroup;
			children = (
				2052D0F41BBC7B36000C684B /* Parent Classes */,
				2052D0F31BBC7AFE000C684B /* Playing Card Game */,
				2052D0F21BBC7AE7000C684B /* Set */,
			);
			name = Model;
			sourceTree = "<group>";
		};
/* End PBXGroup section */

/* Begin PBXNativeTarget section */
		20B4243F1BAC65C90053B847 /* Matchismo */ = {
			isa = PBXNativeTarget;
			buildConfigurationList = 20B424631BAC65C90053B847 /* Build configuration list for PBXNativeTarget "Matchismo" */;
			buildPhases = (
				20B4243C1BAC65C90053B847 /* Sources */,
				20B4243D1BAC65C90053B847 /* Frameworks */,
				20B4243E1BAC65C90053B847 /* Resources */,
			);
			buildRules = (
			);
			dependencies = (
			);
			name = Matchismo;
			productName = Matchismo;
			productReference = 20B424401BAC65C90053B847 /* Matchismo.app */;
			productType = "com.apple.product-type.application";
		};
		20B424581BAC65C90053B847 /* MatchismoTests */ = {
			isa = PBXNativeTarget;
			buildConfigurationList = 20B424661BAC65C90053B847 /* Build configuration list for PBXNativeTarget "MatchismoTests" */;
			buildPhases = (
				20B424551BAC65C90053B847 /* Sources */,
				20B424561BAC65C90053B847 /* Frameworks */,
				20B424571BAC65C90053B847 /* Resources */,
			);
			buildRules = (
			);
			dependencies = (
				20B4245B1BAC65C90053B847 /* PBXTargetDependency */,
			);
			name = MatchismoTests;
			productName = MatchismoTests;
			productReference = 20B424591BAC65C90053B847 /* MatchismoTests.xctest */;
			productType = "com.apple.product-type.bundle.unit-test";
		};
/* End PBXNativeTarget section */

/* Begin PBXProject section */
		20B424381BAC65C90053B847 /* Project object */ = {
			isa = PBXProject;
			attributes = {
				LastUpgradeCheck = 0700;
				ORGANIZATIONNAME = "Sam Fisher Apps";
				TargetAttributes = {
					20B4243F1BAC65C90053B847 = {
						CreatedOnToolsVersion = 6.4;
					};
					20B424581BAC65C90053B847 = {
						CreatedOnToolsVersion = 6.4;
						TestTargetID = 20B4243F1BAC65C90053B847;
					};
				};
			};
			buildConfigurationList = 20B4243B1BAC65C90053B847 /* Build configuration list for PBXProject "Matchismo" */;
			compatibilityVersion = "Xcode 3.2";
			developmentRegion = English;
			hasScannedForEncodings = 0;
			knownRegions = (
				en,
				Base,
			);
			mainGroup = 20B424371BAC65C90053B847;
			productRefGroup = 20B424411BAC65C90053B847 /* Products */;
			projectDirPath = "";
			projectRoot = "";
			targets = (
				20B4243F1BAC65C90053B847 /* Matchismo */,
				20B424581BAC65C90053B847 /* MatchismoTests */,
			);
		};
/* End PBXProject section */

/* Begin PBXResourcesBuildPhase section */
		20B4243E1BAC65C90053B847 /* Resources */ = {
			isa = PBXResourcesBuildPhase;
			buildActionMask = 2147483647;
			files = (
				20B4244F1BAC65C90053B847 /* Main.storyboard in Resources */,
				20B424541BAC65C90053B847 /* LaunchScreen.xib in Resources */,
				20B424511BAC65C90053B847 /* Images.xcassets in Resources */,
			);
			runOnlyForDeploymentPostprocessing = 0;
		};
		20B424571BAC65C90053B847 /* Resources */ = {
			isa = PBXResourcesBuildPhase;
			buildActionMask = 2147483647;
			files = (
			);
			runOnlyForDeploymentPostprocessing = 0;
		};
/* End PBXResourcesBuildPhase section */

/* Begin PBXSourcesBuildPhase section */
		20B4243C1BAC65C90053B847 /* Sources */ = {
			isa = PBXSourcesBuildPhase;
			buildActionMask = 2147483647;
			files = (
				20B424721BAC7EF10053B847 /* PlayingCard.m in Sources */,
				20B4246F1BAC7D4F0053B847 /* Deck.m in Sources */,
				20B4244C1BAC65C90053B847 /* ViewController.m in Sources */,
				2052D0F11BBC6BA5000C684B /* SettingsViewController.m in Sources */,
				20B424491BAC65C90053B847 /* AppDelegate.m in Sources */,
				20B424781BAC90BE0053B847 /* CardMatchingGame.m in Sources */,
				20BDFABF1BB5DAA200F29BB3 /* SetCard.m in Sources */,
				20B424751BAC81390053B847 /* PlayingCardDeck.m in Sources */,
				20BDFAC51BB5DDA200F29BB3 /* SetCardGame.m in Sources */,
				202F92A31BB9D95D0063FEB0 /* HistoryViewController.m in Sources */,
				206D50821BB9B994007B2DB1 /* PlayingCardGame.m in Sources */,
				207E60181BC45A4B0036FC28 /* PlayingCardView.m in Sources */,
				20B424461BAC65C90053B847 /* main.m in Sources */,
				20B4246B1BAC7AD90053B847 /* Card.m in Sources */,
				20BDFAC21BB5DC2D00F29BB3 /* SetCardDeck.m in Sources */,
				20D589521BB5C7EA004F544F /* PlayingCardGameViewController.m in Sources */,
				20BDFABC1BB5D3E200F29BB3 /* SetGameViewController.m in Sources */,
			);
			runOnlyForDeploymentPostprocessing = 0;
		};
		20B424551BAC65C90053B847 /* Sources */ = {
			isa = PBXSourcesBuildPhase;
			buildActionMask = 2147483647;
			files = (
				20B424601BAC65C90053B847 /* MatchismoTests.m in Sources */,
			);
			runOnlyForDeploymentPostprocessing = 0;
		};
/* End PBXSourcesBuildPhase section */

/* Begin PBXTargetDependency section */
		20B4245B1BAC65C90053B847 /* PBXTargetDependency */ = {
			isa = PBXTargetDependency;
			target = 20B4243F1BAC65C90053B847 /* Matchismo */;
			targetProxy = 20B4245A1BAC65C90053B847 /* PBXContainerItemProxy */;
		};
/* End PBXTargetDependency section */

/* Begin PBXVariantGroup section */
		20B4244D1BAC65C90053B847 /* Main.storyboard */ = {
			isa = PBXVariantGroup;
			children = (
				20B4244E1BAC65C90053B847 /* Base */,
			);
			name = Main.storyboard;
			sourceTree = "<group>";
		};
		20B424521BAC65C90053B847 /* LaunchScreen.xib */ = {
			isa = PBXVariantGroup;
			children = (
				20B424531BAC65C90053B847 /* Base */,
			);
			name = LaunchScreen.xib;
			sourceTree = "<group>";
		};
/* End PBXVariantGroup section */

/* Begin XCBuildConfiguration section */
		20B424611BAC65C90053B847 /* Debug */ = {
			isa = XCBuildConfiguration;
			buildSettings = {
				ALWAYS_SEARCH_USER_PATHS = NO;
				CLANG_CXX_LANGUAGE_STANDARD = "gnu++0x";
				CLANG_CXX_LIBRARY = "libc++";
				CLANG_ENABLE_MODULES = YES;
				CLANG_ENABLE_OBJC_ARC = YES;
				CLANG_WARN_BOOL_CONVERSION = YES;
				CLANG_WARN_CONSTANT_CONVERSION = YES;
				CLANG_WARN_DIRECT_OBJC_ISA_USAGE = YES_ERROR;
				CLANG_WARN_EMPTY_BODY = YES;
				CLANG_WARN_ENUM_CONVERSION = YES;
				CLANG_WARN_INT_CONVERSION = YES;
				CLANG_WARN_OBJC_ROOT_CLASS = YES_ERROR;
				CLANG_WARN_UNREACHABLE_CODE = YES;
				CLANG_WARN__DUPLICATE_METHOD_MATCH = YES;
				"CODE_SIGN_IDENTITY[sdk=iphoneos*]" = "iPhone Developer";
				COPY_PHASE_STRIP = NO;
				DEBUG_INFORMATION_FORMAT = "dwarf-with-dsym";
				ENABLE_STRICT_OBJC_MSGSEND = YES;
				ENABLE_TESTABILITY = YES;
				GCC_C_LANGUAGE_STANDARD = gnu99;
				GCC_DYNAMIC_NO_PIC = NO;
				GCC_NO_COMMON_BLOCKS = YES;
				GCC_OPTIMIZATION_LEVEL = 0;
				GCC_PREPROCESSOR_DEFINITIONS = (
					"DEBUG=1",
					"$(inherited)",
				);
				GCC_SYMBOLS_PRIVATE_EXTERN = NO;
				GCC_WARN_64_TO_32_BIT_CONVERSION = YES;
				GCC_WARN_ABOUT_RETURN_TYPE = YES_ERROR;
				GCC_WARN_UNDECLARED_SELECTOR = YES;
				GCC_WARN_UNINITIALIZED_AUTOS = YES_AGGRESSIVE;
				GCC_WARN_UNUSED_FUNCTION = YES;
				GCC_WARN_UNUSED_VARIABLE = YES;
				IPHONEOS_DEPLOYMENT_TARGET = 8.4;
				MTL_ENABLE_DEBUG_INFO = YES;
				ONLY_ACTIVE_ARCH = YES;
				SDKROOT = iphoneos;
			};
			name = Debug;
		};
		20B424621BAC65C90053B847 /* Release */ = {
			isa = XCBuildConfiguration;
			buildSettings = {
				ALWAYS_SEARCH_USER_PATHS = NO;
				CLANG_CXX_LANGUAGE_STANDARD = "gnu++0x";
				CLANG_CXX_LIBRARY = "libc++";
				CLANG_ENABLE_MODULES = YES;
				CLANG_ENABLE_OBJC_ARC = YES;
				CLANG_WARN_BOOL_CONVERSION = YES;
				CLANG_WARN_CONSTANT_CONVERSION = YES;
				CLANG_WARN_DIRECT_OBJC_ISA_USAGE = YES_ERROR;
				CLANG_WARN_EMPTY_BODY = YES;
				CLANG_WARN_ENUM_CONVERSION = YES;
				CLANG_WARN_INT_CONVERSION = YES;
				CLANG_WARN_OBJC_ROOT_CLASS = YES_ERROR;
				CLANG_WARN_UNREACHABLE_CODE = YES;
				CLANG_WARN__DUPLICATE_METHOD_MATCH = YES;
				"CODE_SIGN_IDENTITY[sdk=iphoneos*]" = "iPhone Developer";
				COPY_PHASE_STRIP = NO;
				DEBUG_INFORMATION_FORMAT = "dwarf-with-dsym";
				ENABLE_NS_ASSERTIONS = NO;
				ENABLE_STRICT_OBJC_MSGSEND = YES;
				GCC_C_LANGUAGE_STANDARD = gnu99;
				GCC_NO_COMMON_BLOCKS = YES;
				GCC_WARN_64_TO_32_BIT_CONVERSION = YES;
				GCC_WARN_ABOUT_RETURN_TYPE = YES_ERROR;
				GCC_WARN_UNDECLARED_SELECTOR = YES;
				GCC_WARN_UNINITIALIZED_AUTOS = YES_AGGRESSIVE;
				GCC_WARN_UNUSED_FUNCTION = YES;
				GCC_WARN_UNUSED_VARIABLE = YES;
				IPHONEOS_DEPLOYMENT_TARGET = 8.4;
				MTL_ENABLE_DEBUG_INFO = NO;
				SDKROOT = iphoneos;
				VALIDATE_PRODUCT = YES;
			};
			name = Release;
		};
		20B424641BAC65C90053B847 /* Debug */ = {
			isa = XCBuildConfiguration;
			buildSettings = {
				ASSETCATALOG_COMPILER_APPICON_NAME = AppIcon;
				INFOPLIST_FILE = Matchismo/Info.plist;
				LD_RUNPATH_SEARCH_PATHS = "$(inherited) @executable_path/Frameworks";
				PRODUCT_BUNDLE_IDENTIFIER = "sam.fisher.apps.$(PRODUCT_NAME:rfc1034identifier)";
				PRODUCT_NAME = "$(TARGET_NAME)";
			};
			name = Debug;
		};
		20B424651BAC65C90053B847 /* Release */ = {
			isa = XCBuildConfiguration;
			buildSettings = {
				ASSETCATALOG_COMPILER_APPICON_NAME = AppIcon;
				INFOPLIST_FILE = Matchismo/Info.plist;
				LD_RUNPATH_SEARCH_PATHS = "$(inherited) @executable_path/Frameworks";
				PRODUCT_BUNDLE_IDENTIFIER = "sam.fisher.apps.$(PRODUCT_NAME:rfc1034identifier)";
				PRODUCT_NAME = "$(TARGET_NAME)";
			};
			name = Release;
		};
		20B424671BAC65C90053B847 /* Debug */ = {
			isa = XCBuildConfiguration;
			buildSettings = {
				BUNDLE_LOADER = "$(TEST_HOST)";
				FRAMEWORK_SEARCH_PATHS = (
					"$(SDKROOT)/Developer/Library/Frameworks",
					"$(inherited)",
				);
				GCC_PREPROCESSOR_DEFINITIONS = (
					"DEBUG=1",
					"$(inherited)",
				);
				INFOPLIST_FILE = MatchismoTests/Info.plist;
				LD_RUNPATH_SEARCH_PATHS = "$(inherited) @executable_path/Frameworks @loader_path/Frameworks";
				PRODUCT_BUNDLE_IDENTIFIER = "sam.fisher.apps.$(PRODUCT_NAME:rfc1034identifier)";
				PRODUCT_NAME = "$(TARGET_NAME)";
				TEST_HOST = "$(BUILT_PRODUCTS_DIR)/Matchismo.app/Matchismo";
			};
			name = Debug;
		};
		20B424681BAC65C90053B847 /* Release */ = {
			isa = XCBuildConfiguration;
			buildSettings = {
				BUNDLE_LOADER = "$(TEST_HOST)";
				FRAMEWORK_SEARCH_PATHS = (
					"$(SDKROOT)/Developer/Library/Frameworks",
					"$(inherited)",
				);
				INFOPLIST_FILE = MatchismoTests/Info.plist;
				LD_RUNPATH_SEARCH_PATHS = "$(inherited) @executable_path/Frameworks @loader_path/Frameworks";
				PRODUCT_BUNDLE_IDENTIFIER = "sam.fisher.apps.$(PRODUCT_NAME:rfc1034identifier)";
				PRODUCT_NAME = "$(TARGET_NAME)";
				TEST_HOST = "$(BUILT_PRODUCTS_DIR)/Matchismo.app/Matchismo";
			};
			name = Release;
		};
/* End XCBuildConfiguration section */

/* Begin XCConfigurationList section */
		20B4243B1BAC65C90053B847 /* Build configuration list for PBXProject "Matchismo" */ = {
			isa = XCConfigurationList;
			buildConfigurations = (
				20B424611BAC65C90053B847 /* Debug */,
				20B424621BAC65C90053B847 /* Release */,
			);
			defaultConfigurationIsVisible = 0;
			defaultConfigurationName = Release;
		};
		20B424631BAC65C90053B847 /* Build configuration list for PBXNativeTarget "Matchismo" */ = {
			isa = XCConfigurationList;
			buildConfigurations = (
				20B424641BAC65C90053B847 /* Debug */,
				20B424651BAC65C90053B847 /* Release */,
			);
			defaultConfigurationIsVisible = 0;
			defaultConfigurationName = Release;
		};
		20B424661BAC65C90053B847 /* Build configuration list for PBXNativeTarget "MatchismoTests" */ = {
			isa = XCConfigurationList;
			buildConfigurations = (
				20B424671BAC65C90053B847 /* Debug */,
				20B424681BAC65C90053B847 /* Release */,
			);
			defaultConfigurationIsVisible = 0;
			defaultConfigurationName = Release;
		};
/* End XCConfigurationList section */
	};
	rootObject = 20B424381BAC65C90053B847 /* Project object */;
}
